PODS:
  - Flutter (1.0.0)
  - flutter_web_browser (0.0.1):
    - Flutter

DEPENDENCIES:
  - Flutter (from `/Users/ened/dev/flutter/bin/cache/artifacts/engine/ios`)
  - flutter_web_browser (from `/Users/ened/git/flutter_web_browser/ios`)

EXTERNAL SOURCES:
  Flutter:
    :path: "/Users/ened/dev/flutter/bin/cache/artifacts/engine/ios"
  flutter_web_browser:
    :path: "/Users/ened/git/flutter_web_browser/ios"

SPEC CHECKSUMS:
  Flutter: 58dd7d1b27887414a370fcccb9e645c08ffd7a6a
  flutter_web_browser: ce28a681222b9f336dbb02cd3b1f885dc007f73c

PODFILE CHECKSUM: 351e02e34b831289961ec3558a535cbd2c4965d2

COCOAPODS: 1.6.0
